
Microsoft Visual Studio Solution File, Format Version 12.00
# Visual Studio Version 17
VisualStudioVersion = 17.14.36301.6
MinimumVisualStudioVersion = 10.0.40219.1
Project("{FAE04EC0-301F-11D3-BF4B-00C04F79EFBC}") = "Programowanie_Obiektowe_69978", "Programowanie_Obiektowe_69978\Programowanie_Obiektowe_69978.csproj", "{123CD3F8-2603-4D0D-BFB9-E6984B452FF0}"
EndProject
Project("{FAE04EC0-301F-11D3-BF4B-00C04F79EFBC}") = "Lab_1", "Lab_1\Lab_1.csproj", "{87498BC1-0A31-4071-A716-033F1D309227}"
EndProject
Global
	GlobalSection(SolutionConfigurationPlatforms) = preSolution
		Debug|Any CPU = Debug|Any CPU
		Release|Any CPU = Release|Any CPU
	EndGlobalSection
	GlobalSection(ProjectConfigurationPlatforms) = postSolution
		{123CD3F8-2603-4D0D-BFB9-E6984B452FF0}.Debug|Any CPU.ActiveCfg = Debug|Any CPU
		{123CD3F8-2603-4D0D-BFB9-E6984B452FF0}.Debug|Any CPU.Build.0 = Debug|Any CPU
		{123CD3F8-2603-4D0D-BFB9-E6984B452FF0}.Release|Any CPU.ActiveCfg = Release|Any CPU
		{123CD3F8-2603-4D0D-BFB9-E6984B452FF0}.Release|Any CPU.Build.0 = Release|Any CPU
		{87498BC1-0A31-4071-A716-033F1D309227}.Debug|Any CPU.ActiveCfg = Debug|Any CPU
		{87498BC1-0A31-4071-A716-033F1D309227}.Debug|Any CPU.Build.0 = Debug|Any CPU
		{87498BC1-0A31-4071-A716-033F1D309227}.Release|Any CPU.ActiveCfg = Release|Any CPU
		{87498BC1-0A31-4071-A716-033F1D309227}.Release|Any CPU.Build.0 = Release|Any CPU
	EndGlobalSection
	GlobalSection(SolutionProperties) = preSolution
		HideSolutionNode = FALSE
	EndGlobalSection
	GlobalSection(ExtensibilityGlobals) = postSolution
		SolutionGuid = {3A376C3A-1E97-44F1-9136-EB2B4DE9AF77}
	EndGlobalSection
EndGlobal
